
Microsoft Visual Studio Solution File, Format Version 12.00
# Visual Studio Version 17
VisualStudioVersion = 17.4.33403.182
MinimumVisualStudioVersion = 10.0.40219.1
Project("{9A19103F-16F7-4668-BE54-9A1E7A4F7556}") = "Lab1", "Lab1\Lab1.csproj", "{ABDCAC56-8DD0-4F46-9621-4E5F6F14D80E}"
EndProject
Project("{FAE04EC0-301F-11D3-BF4B-00C04F79EFBC}") = "Recurrence.First", "Recurrence.First\Recurrence.First.csproj", "{6D6AB88B-823E-4109-8DCE-F5092BE6EB9E}"
EndProject
Project("{FAE04EC0-301F-11D3-BF4B-00C04F79EFBC}") = "Recurrence.Second", "Recurrence.Second\Recurrence.Second.csproj", "{B7DA5406-2DDA-4D53-92BB-F967A69EEB0A}"
EndProject
Project("{FAE04EC0-301F-11D3-BF4B-00C04F79EFBC}") = "Recurrence.Third", "Recurrence.Third\Recurrence.Third.csproj", "{DD077685-A008-4BEA-9BF0-408D731BA21F}"
EndProject
Global
	GlobalSection(SolutionConfigurationPlatforms) = preSolution
		Debug|Any CPU = Debug|Any CPU
		Debug|x64 = Debug|x64
		Debug|x86 = Debug|x86
		Release|Any CPU = Release|Any CPU
		Release|x64 = Release|x64
		Release|x86 = Release|x86
	EndGlobalSection
	GlobalSection(ProjectConfigurationPlatforms) = postSolution
		{ABDCAC56-8DD0-4F46-9621-4E5F6F14D80E}.Debug|Any CPU.ActiveCfg = Debug|Any CPU
		{ABDCAC56-8DD0-4F46-9621-4E5F6F14D80E}.Debug|Any CPU.Build.0 = Debug|Any CPU
		{ABDCAC56-8DD0-4F46-9621-4E5F6F14D80E}.Debug|x64.ActiveCfg = Debug|Any CPU
		{ABDCAC56-8DD0-4F46-9621-4E5F6F14D80E}.Debug|x64.Build.0 = Debug|Any CPU
		{ABDCAC56-8DD0-4F46-9621-4E5F6F14D80E}.Debug|x86.ActiveCfg = Debug|Any CPU
		{ABDCAC56-8DD0-4F46-9621-4E5F6F14D80E}.Debug|x86.Build.0 = Debug|Any CPU
		{ABDCAC56-8DD0-4F46-9621-4E5F6F14D80E}.Release|Any CPU.ActiveCfg = Release|Any CPU
		{ABDCAC56-8DD0-4F46-9621-4E5F6F14D80E}.Release|Any CPU.Build.0 = Release|Any CPU
		{ABDCAC56-8DD0-4F46-9621-4E5F6F14D80E}.Release|x64.ActiveCfg = Release|Any CPU
		{ABDCAC56-8DD0-4F46-9621-4E5F6F14D80E}.Release|x64.Build.0 = Release|Any CPU
		{ABDCAC56-8DD0-4F46-9621-4E5F6F14D80E}.Release|x86.ActiveCfg = Release|Any CPU
		{ABDCAC56-8DD0-4F46-9621-4E5F6F14D80E}.Release|x86.Build.0 = Release|Any CPU
		{6D6AB88B-823E-4109-8DCE-F5092BE6EB9E}.Debug|Any CPU.ActiveCfg = Debug|Any CPU
		{6D6AB88B-823E-4109-8DCE-F5092BE6EB9E}.Debug|Any CPU.Build.0 = Debug|Any CPU
		{6D6AB88B-823E-4109-8DCE-F5092BE6EB9E}.Debug|x64.ActiveCfg = Debug|Any CPU
		{6D6AB88B-823E-4109-8DCE-F5092BE6EB9E}.Debug|x64.Build.0 = Debug|Any CPU
		{6D6AB88B-823E-4109-8DCE-F5092BE6EB9E}.Debug|x86.ActiveCfg = Debug|Any CPU
		{6D6AB88B-823E-4109-8DCE-F5092BE6EB9E}.Debug|x86.Build.0 = Debug|Any CPU
		{6D6AB88B-823E-4109-8DCE-F5092BE6EB9E}.Release|Any CPU.ActiveCfg = Release|Any CPU
		{6D6AB88B-823E-4109-8DCE-F5092BE6EB9E}.Release|Any CPU.Build.0 = Release|Any CPU
		{6D6AB88B-823E-4109-8DCE-F5092BE6EB9E}.Release|x64.ActiveCfg = Release|Any CPU
		{6D6AB88B-823E-4109-8DCE-F5092BE6EB9E}.Release|x64.Build.0 = Release|Any CPU
		{6D6AB88B-823E-4109-8DCE-F5092BE6EB9E}.Release|x86.ActiveCfg = Release|Any CPU
		{6D6AB88B-823E-4109-8DCE-F5092BE6EB9E}.Release|x86.Build.0 = Release|Any CPU
		{B7DA5406-2DDA-4D53-92BB-F967A69EEB0A}.Debug|Any CPU.ActiveCfg = Debug|Any CPU
		{B7DA5406-2DDA-4D53-92BB-F967A69EEB0A}.Debug|Any CPU.Build.0 = Debug|Any CPU
		{B7DA5406-2DDA-4D53-92BB-F967A69EEB0A}.Debug|x64.ActiveCfg = Debug|Any CPU
		{B7DA5406-2DDA-4D53-92BB-F967A69EEB0A}.Debug|x64.Build.0 = Debug|Any CPU
		{B7DA5406-2DDA-4D53-92BB-F967A69EEB0A}.Debug|x86.ActiveCfg = Debug|Any CPU
		{B7DA5406-2DDA-4D53-92BB-F967A69EEB0A}.Debug|x86.Build.0 = Debug|Any CPU
		{B7DA5406-2DDA-4D53-92BB-F967A69EEB0A}.Release|Any CPU.ActiveCfg = Release|Any CPU
		{B7DA5406-2DDA-4D53-92BB-F967A69EEB0A}.Release|Any CPU.Build.0 = Release|Any CPU
		{B7DA5406-2DDA-4D53-92BB-F967A69EEB0A}.Release|x64.ActiveCfg = Release|Any CPU
		{B7DA5406-2DDA-4D53-92BB-F967A69EEB0A}.Release|x64.Build.0 = Release|Any CPU
		{B7DA5406-2DDA-4D53-92BB-F967A69EEB0A}.Release|x86.ActiveCfg = Release|Any CPU
		{B7DA5406-2DDA-4D53-92BB-F967A69EEB0A}.Release|x86.Build.0 = Release|Any CPU
		{DD077685-A008-4BEA-9BF0-408D731BA21F}.Debug|Any CPU.ActiveCfg = Debug|Any CPU
		{DD077685-A008-4BEA-9BF0-408D731BA21F}.Debug|Any CPU.Build.0 = Debug|Any CPU
		{DD077685-A008-4BEA-9BF0-408D731BA21F}.Debug|x64.ActiveCfg = Debug|Any CPU
		{DD077685-A008-4BEA-9BF0-408D731BA21F}.Debug|x64.Build.0 = Debug|Any CPU
		{DD077685-A008-4BEA-9BF0-408D731BA21F}.Debug|x86.ActiveCfg = Debug|Any CPU
		{DD077685-A008-4BEA-9BF0-408D731BA21F}.Debug|x86.Build.0 = Debug|Any CPU
		{DD077685-A008-4BEA-9BF0-408D731BA21F}.Release|Any CPU.ActiveCfg = Release|Any CPU
		{DD077685-A008-4BEA-9BF0-408D731BA21F}.Release|Any CPU.Build.0 = Release|Any CPU
		{DD077685-A008-4BEA-9BF0-408D731BA21F}.Release|x64.ActiveCfg = Release|Any CPU
		{DD077685-A008-4BEA-9BF0-408D731BA21F}.Release|x64.Build.0 = Release|Any CPU
		{DD077685-A008-4BEA-9BF0-408D731BA21F}.Release|x86.ActiveCfg = Release|Any CPU
		{DD077685-A008-4BEA-9BF0-408D731BA21F}.Release|x86.Build.0 = Release|Any CPU
	EndGlobalSection
	GlobalSection(SolutionProperties) = preSolution
		HideSolutionNode = FALSE
	EndGlobalSection
	GlobalSection(ExtensibilityGlobals) = postSolution
		SolutionGuid = {68894471-71FA-463A-89D2-BD7AE9F33456}
	EndGlobalSection
EndGlobal
